
Microsoft Visual Studio Solution File, Format Version 12.00
# Visual Studio 15
VisualStudioVersion = 15.0.28307.960
MinimumVisualStudioVersion = 10.0.40219.1
Project("{8BC9CEB8-8B4A-11D0-8D11-00A0C91BC942}") = "ZulaAimbot", "ZulaAimbot\ZulaAimbot.vcxproj", "{41DEABE5-A2D7-47A8-9D84-F8BC3608AA75}"
EndProject
Global
	GlobalSection(SolutionConfigurationPlatforms) = preSolution
		Debug|Win32 = Debug|Win32
		Debug|x64 = Debug|x64
		Debug|x86 = Debug|x86
		Release|Win32 = Release|Win32
		Release|x64 = Release|x64
		Release|x86 = Release|x86
	EndGlobalSection
	GlobalSection(ProjectConfigurationPlatforms) = postSolution
		{41DEABE5-A2D7-47A8-9D84-F8BC3608AA75}.Debug|Win32.ActiveCfg = Debug|Win32
		{41DEABE5-A2D7-47A8-9D84-F8BC3608AA75}.Debug|Win32.Build.0 = Debug|Win32
		{41DEABE5-A2D7-47A8-9D84-F8BC3608AA75}.Debug|x64.ActiveCfg = Debug|x64
		{41DEABE5-A2D7-47A8-9D84-F8BC3608AA75}.Debug|x64.Build.0 = Debug|x64
		{41DEABE5-A2D7-47A8-9D84-F8BC3608AA75}.Debug|x86.ActiveCfg = Debug|Win32
		{41DEABE5-A2D7-47A8-9D84-F8BC3608AA75}.Debug|x86.Build.0 = Debug|Win32
		{41DEABE5-A2D7-47A8-9D84-F8BC3608AA75}.Release|Win32.ActiveCfg = Release|Win32
		{41DEABE5-A2D7-47A8-9D84-F8BC3608AA75}.Release|Win32.Build.0 = Release|Win32
		{41DEABE5-A2D7-47A8-9D84-F8BC3608AA75}.Release|x64.ActiveCfg = Release|x64
		{41DEABE5-A2D7-47A8-9D84-F8BC3608AA75}.Release|x64.Build.0 = Release|x64
		{41DEABE5-A2D7-47A8-9D84-F8BC3608AA75}.Release|x86.ActiveCfg = Release|Win32
		{41DEABE5-A2D7-47A8-9D84-F8BC3608AA75}.Release|x86.Build.0 = Release|Win32
	EndGlobalSection
	GlobalSection(SolutionProperties) = preSolution
		HideSolutionNode = FALSE
	EndGlobalSection
	GlobalSection(ExtensibilityGlobals) = postSolution
		SolutionGuid = {EB47C76D-4A9E-4DF0-B035-1D254A3D3DFA}
	EndGlobalSection
EndGlobal
